
Microsoft Visual Studio Solution File, Format Version 12.00
# Visual Studio Version 17
VisualStudioVersion = 17.7.34221.43
MinimumVisualStudioVersion = 10.0.40219.1
Project("{FAE04EC0-301F-11D3-BF4B-00C04F79EFBC}") = "Symulator Michał Grzegorzewski", "Symulator Michał Grzegorzewski.csproj", "{B3B188CB-D941-4261-A2C3-8034B1EFC54F}"
EndProject
Global
	GlobalSection(SolutionConfigurationPlatforms) = preSolution
		Debug|Any CPU = Debug|Any CPU
		Release|Any CPU = Release|Any CPU
	EndGlobalSection
	GlobalSection(ProjectConfigurationPlatforms) = postSolution
		{B3B188CB-D941-4261-A2C3-8034B1EFC54F}.Debug|Any CPU.ActiveCfg = Debug|Any CPU
		{B3B188CB-D941-4261-A2C3-8034B1EFC54F}.Debug|Any CPU.Build.0 = Debug|Any CPU
		{B3B188CB-D941-4261-A2C3-8034B1EFC54F}.Release|Any CPU.ActiveCfg = Release|Any CPU
		{B3B188CB-D941-4261-A2C3-8034B1EFC54F}.Release|Any CPU.Build.0 = Release|Any CPU
	EndGlobalSection
	GlobalSection(SolutionProperties) = preSolution
		HideSolutionNode = FALSE
	EndGlobalSection
	GlobalSection(ExtensibilityGlobals) = postSolution
		SolutionGuid = {44B3D6F2-0C05-4A98-8360-05BACD8683B2}
	EndGlobalSection
EndGlobal
